schema: '2.0'
stages:
  stage_02:
    cmd: python file2.py
    deps:
    - path: data/nba2.csv
      md5: 7128193bc4dd3fdd5eff314c46938532
      size: 35004
    - path: file2.py
      md5: ffef3266e3b697c3e2f16181bd7586d2
      size: 80
  stage_01:
    cmd: python file1.py
    deps:
    - path: data/nba.csv
      md5: 36ce1eca3dbe16e72605d1b72c629df7
      size: 32823
    - path: file1.py
      md5: a31fc1f60bc02f3a8cc4ad383ad22f6f
      size: 195
    outs:
    - path: data/nba2.csv
      md5: 7128193bc4dd3fdd5eff314c46938532
      size: 35004
  load_data:
    cmd: python src/stage01_Load_Save.py --config=config/config.yaml
    deps:
    - path: config/config.yaml
      md5: 4eab84028894f65eb3edaccd5622dd4a
      size: 338
    - path: src/stage01_Load_Save.py
      md5: 5735be06010e2f2656c3ee876c14c07d
      size: 1324
    - path: src/utils/ultility_Methods.py
      md5: 32b8370b7797043cf62d48ae17d5868b
      size: 361
    outs:
    - path: artifacts/raw_local_dir/base_data.csv
      md5: 7d814a1bda02145efe703f4e1c01847a
      size: 93599
  split_save_data:
    cmd: python src/stage02_SplittingData.py --config=config/config.yaml --params=params.yaml
    deps:
    - path: artifacts/raw_local_dir/base_data.csv
      md5: 7d814a1bda02145efe703f4e1c01847a
      size: 93599
    - path: config/config.yaml
      md5: 4eab84028894f65eb3edaccd5622dd4a
      size: 338
    - path: params.yaml
      md5: 800d62b8d4c3bf5491fe87303d8fd0ef
      size: 62
    - path: src/stage02_SplittingData.py
      md5: 2847de8534d719ecc6864c8a181895ad
      size: 2348
    - path: src/utils/ultility_Methods.py
      md5: 32b8370b7797043cf62d48ae17d5868b
      size: 361
    params:
      params.yaml:
        splitting_param.random_state: 43
        splitting_param.test_size: 0.2
    outs:
    - path: artifacts/split_data/x_test.csv
      md5: a22b88f36edebd41b10d15c34f63f3d3
      size: 18255
    - path: artifacts/split_data/x_train.csv
      md5: 1408333bfdd3590bb350ebb20c5d4e87
      size: 72277
    - path: artifacts/split_data/y_test.csv
      md5: 2bb2b9be5561302750f435c5be3467d6
      size: 969
    - path: artifacts/split_data/y_train.csv
      md5: 1bba7bf253f85eb566168b56d13ee260
      size: 3846
