schema: '2.0'
stages:
  stage_02:
    cmd: python file2.py
    deps:
    - path: data/nba2.csv
      md5: 7128193bc4dd3fdd5eff314c46938532
      size: 35004
    - path: file2.py
      md5: ffef3266e3b697c3e2f16181bd7586d2
      size: 80
  stage_01:
    cmd: python file1.py
    deps:
    - path: data/nba.csv
      md5: 36ce1eca3dbe16e72605d1b72c629df7
      size: 32823
    - path: file1.py
      md5: a31fc1f60bc02f3a8cc4ad383ad22f6f
      size: 195
    outs:
    - path: data/nba2.csv
      md5: 7128193bc4dd3fdd5eff314c46938532
      size: 35004
  load_data:
    cmd: python src/stage01_Load_Save.py --config=config/config.yaml
    deps:
    - path: config/config.yaml
      md5: 73d88d9bf244c6892464b387fa29dc5c
      size: 205
    - path: src/stage01_Load_Save.py
      md5: 6ab8ade0ff0c52e41a0499beaa1cea29
      size: 1345
    - path: src/utils/ultility_Methods.py
      md5: 32b8370b7797043cf62d48ae17d5868b
      size: 361
    outs:
    - path: artifacts/raw_local_dir/data.csv
      md5: 7d814a1bda02145efe703f4e1c01847a
      size: 93599
